{
  "requires": true,
  "lockfileVersion": 1,
  "dependencies": {
    "@types/uuid": {
      "version": "8.3.4",
      "resolved": "https://registry.npmmirror.com/@types/uuid/-/uuid-8.3.4.tgz",
      "integrity": "sha512-c/I8ZRb51j+pYGAu5CrFMRxqZ2ke4y2grEBO5AUjgSkSk+qT2Ea+OdWElz/OiMf5MNpn2b17kuVBwZLQJXzihw=="
    },
    "echarts": {
      "version": "5.4.1",
      "resolved": "https://registry.npmmirror.com/echarts/-/echarts-5.4.1.tgz",
      "integrity": "sha512-9ltS3M2JB0w2EhcYjCdmtrJ+6haZcW6acBolMGIuf01Hql1yrIV01L1aRj7jsaaIULJslEP9Z3vKlEmnJaWJVQ==",
      "requires": {
        "tslib": "2.3.0",
        "zrender": "5.4.1"
      }
    },
    "tslib": {
      "version": "2.3.0",
      "resolved": "https://registry.npmmirror.com/tslib/-/tslib-2.3.0.tgz",
      "integrity": "sha512-N82ooyxVNm6h1riLCoyS9e3fuJ3AMG2zIZs2Gd1ATcSFjSA23Q0fzjjZeh0jbJvWVDZ0cJT8yaNNaaXHzueNjg=="
    },
    "uuid": {
      "version": "8.3.2",
      "resolved": "https://registry.npmmirror.com/uuid/-/uuid-8.3.2.tgz",
      "integrity": "sha512-+NYs2QeMWy+GWFOEm9xnn6HCDp0l7QBD7ml8zLUmJ+93Q5NF0NocErnwkTkXVFNiX3/fpC6afS8Dhb/gz7R7eg=="
    },
    "vue-uuid": {
      "version": "3.0.0",
      "resolved": "https://registry.npmmirror.com/vue-uuid/-/vue-uuid-3.0.0.tgz",
      "integrity": "sha512-+5DP857xVmTHYd00dMC1c1gVg/nxG6+K4Lepojv9ckHt8w0fDpGc5gQCCttS9D+AkSkTJgb0cekidKjTWu5OQQ==",
      "requires": {
        "@types/uuid": "^8.3.4",
        "uuid": "^8.3.2"
      }
    },
    "zrender": {
      "version": "5.4.1",
      "resolved": "https://registry.npmmirror.com/zrender/-/zrender-5.4.1.tgz",
      "integrity": "sha512-M4Z05BHWtajY2241EmMPHglDQAJ1UyHQcYsxDNzD9XLSkPDqMq4bB28v9Pb4mvHnVQ0GxyTklZ/69xCFP6RXBA==",
      "requires": {
        "tslib": "2.3.0"
      }
    }
  }
}
